
Microsoft Visual Studio Solution File, Format Version 12.00
# Visual Studio Version 16
VisualStudioVersion = 16.0.29613.14
MinimumVisualStudioVersion = 10.0.40219.1
Project("{FAE04EC0-301F-11D3-BF4B-00C04F79EFBC}") = "LSIDesktop", "LSIDesktop\LSIDesktop.csproj", "{F9DE31C6-D3F9-4A46-9814-9D195AD1B68E}"
EndProject
Global
	GlobalSection(SolutionConfigurationPlatforms) = preSolution
		Debug|Any CPU = Debug|Any CPU
		Release|Any CPU = Release|Any CPU
	EndGlobalSection
	GlobalSection(ProjectConfigurationPlatforms) = postSolution
		{F9DE31C6-D3F9-4A46-9814-9D195AD1B68E}.Debug|Any CPU.ActiveCfg = Debug|Any CPU
		{F9DE31C6-D3F9-4A46-9814-9D195AD1B68E}.Debug|Any CPU.Build.0 = Debug|Any CPU
		{F9DE31C6-D3F9-4A46-9814-9D195AD1B68E}.Release|Any CPU.ActiveCfg = Release|Any CPU
		{F9DE31C6-D3F9-4A46-9814-9D195AD1B68E}.Release|Any CPU.Build.0 = Release|Any CPU
	EndGlobalSection
	GlobalSection(SolutionProperties) = preSolution
		HideSolutionNode = FALSE
	EndGlobalSection
	GlobalSection(ExtensibilityGlobals) = postSolution
		SolutionGuid = {48BDF967-0CDA-4C73-8843-35160408E961}
	EndGlobalSection
EndGlobal
